
Microsoft Visual Studio Solution File, Format Version 12.00
# Visual Studio 15
VisualStudioVersion = 15.0.27130.2027
MinimumVisualStudioVersion = 10.0.40219.1
Project("{FAE04EC0-301F-11D3-BF4B-00C04F79EFBC}") = "Opgave_4_5", "Opgave_4_5.csproj", "{363EE1A3-B027-4DC4-85E9-B6EDDB86C300}"
EndProject
Global
	GlobalSection(SolutionConfigurationPlatforms) = preSolution
		Debug|Any CPU = Debug|Any CPU
		Release|Any CPU = Release|Any CPU
	EndGlobalSection
	GlobalSection(ProjectConfigurationPlatforms) = postSolution
		{363EE1A3-B027-4DC4-85E9-B6EDDB86C300}.Debug|Any CPU.ActiveCfg = Debug|Any CPU
		{363EE1A3-B027-4DC4-85E9-B6EDDB86C300}.Debug|Any CPU.Build.0 = Debug|Any CPU
		{363EE1A3-B027-4DC4-85E9-B6EDDB86C300}.Release|Any CPU.ActiveCfg = Release|Any CPU
		{363EE1A3-B027-4DC4-85E9-B6EDDB86C300}.Release|Any CPU.Build.0 = Release|Any CPU
	EndGlobalSection
	GlobalSection(SolutionProperties) = preSolution
		HideSolutionNode = FALSE
	EndGlobalSection
	GlobalSection(ExtensibilityGlobals) = postSolution
		SolutionGuid = {E9538F26-A336-46A3-9A07-E50211AF07C1}
	EndGlobalSection
EndGlobal
