
Microsoft Visual Studio Solution File, Format Version 12.00
# Visual Studio 15
VisualStudioVersion = 15.0.27130.2036
MinimumVisualStudioVersion = 10.0.40219.1
Project("{FAE04EC0-301F-11D3-BF4B-00C04F79EFBC}") = "Oefening1", "Oefening1\Oefening1.csproj", "{222DD026-7197-40E0-B675-71E54B161D28}"
EndProject
Global
	GlobalSection(SolutionConfigurationPlatforms) = preSolution
		Debug|Any CPU = Debug|Any CPU
		Release|Any CPU = Release|Any CPU
	EndGlobalSection
	GlobalSection(ProjectConfigurationPlatforms) = postSolution
		{222DD026-7197-40E0-B675-71E54B161D28}.Debug|Any CPU.ActiveCfg = Debug|Any CPU
		{222DD026-7197-40E0-B675-71E54B161D28}.Debug|Any CPU.Build.0 = Debug|Any CPU
		{222DD026-7197-40E0-B675-71E54B161D28}.Release|Any CPU.ActiveCfg = Release|Any CPU
		{222DD026-7197-40E0-B675-71E54B161D28}.Release|Any CPU.Build.0 = Release|Any CPU
	EndGlobalSection
	GlobalSection(SolutionProperties) = preSolution
		HideSolutionNode = FALSE
	EndGlobalSection
	GlobalSection(ExtensibilityGlobals) = postSolution
		SolutionGuid = {8DB15D91-2B93-4747-91A3-6296211E4025}
	EndGlobalSection
EndGlobal
