
Microsoft Visual Studio Solution File, Format Version 12.00
# Visual Studio 15
VisualStudioVersion = 15.0.27130.2036
MinimumVisualStudioVersion = 10.0.40219.1
Project("{FAE04EC0-301F-11D3-BF4B-00C04F79EFBC}") = "Oefening10", "Oefening10.csproj", "{291B8747-11CD-4C2E-9182-497AA7A441FD}"
EndProject
Global
	GlobalSection(SolutionConfigurationPlatforms) = preSolution
		Debug|Any CPU = Debug|Any CPU
		Release|Any CPU = Release|Any CPU
	EndGlobalSection
	GlobalSection(ProjectConfigurationPlatforms) = postSolution
		{291B8747-11CD-4C2E-9182-497AA7A441FD}.Debug|Any CPU.ActiveCfg = Debug|Any CPU
		{291B8747-11CD-4C2E-9182-497AA7A441FD}.Debug|Any CPU.Build.0 = Debug|Any CPU
		{291B8747-11CD-4C2E-9182-497AA7A441FD}.Release|Any CPU.ActiveCfg = Release|Any CPU
		{291B8747-11CD-4C2E-9182-497AA7A441FD}.Release|Any CPU.Build.0 = Release|Any CPU
	EndGlobalSection
	GlobalSection(SolutionProperties) = preSolution
		HideSolutionNode = FALSE
	EndGlobalSection
	GlobalSection(ExtensibilityGlobals) = postSolution
		SolutionGuid = {533DE9F1-4766-4A52-B580-D31BFAA293EE}
	EndGlobalSection
EndGlobal
