
Microsoft Visual Studio Solution File, Format Version 12.00
# Visual Studio 15
VisualStudioVersion = 15.0.27130.2027
MinimumVisualStudioVersion = 10.0.40219.1
Project("{FAE04EC0-301F-11D3-BF4B-00C04F79EFBC}") = "Testvragen_h2", "Testvragen_h2\Testvragen_h2.csproj", "{DC8420FE-4026-4C99-918D-E70166215D19}"
EndProject
Global
	GlobalSection(SolutionConfigurationPlatforms) = preSolution
		Debug|Any CPU = Debug|Any CPU
		Release|Any CPU = Release|Any CPU
	EndGlobalSection
	GlobalSection(ProjectConfigurationPlatforms) = postSolution
		{DC8420FE-4026-4C99-918D-E70166215D19}.Debug|Any CPU.ActiveCfg = Debug|Any CPU
		{DC8420FE-4026-4C99-918D-E70166215D19}.Debug|Any CPU.Build.0 = Debug|Any CPU
		{DC8420FE-4026-4C99-918D-E70166215D19}.Release|Any CPU.ActiveCfg = Release|Any CPU
		{DC8420FE-4026-4C99-918D-E70166215D19}.Release|Any CPU.Build.0 = Release|Any CPU
	EndGlobalSection
	GlobalSection(SolutionProperties) = preSolution
		HideSolutionNode = FALSE
	EndGlobalSection
	GlobalSection(ExtensibilityGlobals) = postSolution
		SolutionGuid = {AF17CF3F-E437-497F-AD8C-D0DC4F931A33}
	EndGlobalSection
EndGlobal
