
Microsoft Visual Studio Solution File, Format Version 12.00
# Visual Studio 15
VisualStudioVersion = 15.0.27130.2027
MinimumVisualStudioVersion = 10.0.40219.1
Project("{FAE04EC0-301F-11D3-BF4B-00C04F79EFBC}") = "Opdracht_2_3", "Opdracht_2_3.csproj", "{B47D20EE-B0DB-4D80-9926-A1CBD18B2C37}"
EndProject
Global
	GlobalSection(SolutionConfigurationPlatforms) = preSolution
		Debug|Any CPU = Debug|Any CPU
		Release|Any CPU = Release|Any CPU
	EndGlobalSection
	GlobalSection(ProjectConfigurationPlatforms) = postSolution
		{B47D20EE-B0DB-4D80-9926-A1CBD18B2C37}.Debug|Any CPU.ActiveCfg = Debug|Any CPU
		{B47D20EE-B0DB-4D80-9926-A1CBD18B2C37}.Debug|Any CPU.Build.0 = Debug|Any CPU
		{B47D20EE-B0DB-4D80-9926-A1CBD18B2C37}.Release|Any CPU.ActiveCfg = Release|Any CPU
		{B47D20EE-B0DB-4D80-9926-A1CBD18B2C37}.Release|Any CPU.Build.0 = Release|Any CPU
	EndGlobalSection
	GlobalSection(SolutionProperties) = preSolution
		HideSolutionNode = FALSE
	EndGlobalSection
	GlobalSection(ExtensibilityGlobals) = postSolution
		SolutionGuid = {E9955164-2C3C-46DE-ABB6-1CEB0351CBB3}
	EndGlobalSection
EndGlobal
