
Microsoft Visual Studio Solution File, Format Version 12.00
# Visual Studio 15
VisualStudioVersion = 15.0.27130.2036
MinimumVisualStudioVersion = 10.0.40219.1
Project("{FAE04EC0-301F-11D3-BF4B-00C04F79EFBC}") = "Oefening2", "Oefening2.csproj", "{0455D852-F072-4D04-8F6B-A3F7511DF9C7}"
EndProject
Global
	GlobalSection(SolutionConfigurationPlatforms) = preSolution
		Debug|Any CPU = Debug|Any CPU
		Release|Any CPU = Release|Any CPU
	EndGlobalSection
	GlobalSection(ProjectConfigurationPlatforms) = postSolution
		{0455D852-F072-4D04-8F6B-A3F7511DF9C7}.Debug|Any CPU.ActiveCfg = Debug|Any CPU
		{0455D852-F072-4D04-8F6B-A3F7511DF9C7}.Debug|Any CPU.Build.0 = Debug|Any CPU
		{0455D852-F072-4D04-8F6B-A3F7511DF9C7}.Release|Any CPU.ActiveCfg = Release|Any CPU
		{0455D852-F072-4D04-8F6B-A3F7511DF9C7}.Release|Any CPU.Build.0 = Release|Any CPU
	EndGlobalSection
	GlobalSection(SolutionProperties) = preSolution
		HideSolutionNode = FALSE
	EndGlobalSection
	GlobalSection(ExtensibilityGlobals) = postSolution
		SolutionGuid = {3DAFC2FC-4395-4E7B-AE00-C9D59800A80D}
	EndGlobalSection
EndGlobal
