
Microsoft Visual Studio Solution File, Format Version 12.00
# Visual Studio 15
VisualStudioVersion = 15.0.27130.2027
MinimumVisualStudioVersion = 10.0.40219.1
Project("{FAE04EC0-301F-11D3-BF4B-00C04F79EFBC}") = "Opdracht_4_2", "Opdracht_4_2.csproj", "{22626779-ABDB-4439-9C87-CC1C7DEA9F10}"
EndProject
Global
	GlobalSection(SolutionConfigurationPlatforms) = preSolution
		Debug|Any CPU = Debug|Any CPU
		Release|Any CPU = Release|Any CPU
	EndGlobalSection
	GlobalSection(ProjectConfigurationPlatforms) = postSolution
		{22626779-ABDB-4439-9C87-CC1C7DEA9F10}.Debug|Any CPU.ActiveCfg = Debug|Any CPU
		{22626779-ABDB-4439-9C87-CC1C7DEA9F10}.Debug|Any CPU.Build.0 = Debug|Any CPU
		{22626779-ABDB-4439-9C87-CC1C7DEA9F10}.Release|Any CPU.ActiveCfg = Release|Any CPU
		{22626779-ABDB-4439-9C87-CC1C7DEA9F10}.Release|Any CPU.Build.0 = Release|Any CPU
	EndGlobalSection
	GlobalSection(SolutionProperties) = preSolution
		HideSolutionNode = FALSE
	EndGlobalSection
	GlobalSection(ExtensibilityGlobals) = postSolution
		SolutionGuid = {2298F0DC-296C-4B91-B35B-3086A6B93C1F}
	EndGlobalSection
EndGlobal
