
Microsoft Visual Studio Solution File, Format Version 12.00
# Visual Studio 15
VisualStudioVersion = 15.0.28307.271
MinimumVisualStudioVersion = 10.0.40219.1
Project("{FAE04EC0-301F-11D3-BF4B-00C04F79EFBC}") = "PixelPass", "PixelPass\PixelPass.csproj", "{3F4B4D57-EB52-4FDD-AF94-D600750D151E}"
EndProject
Global
	GlobalSection(SolutionConfigurationPlatforms) = preSolution
		Debug|Any CPU = Debug|Any CPU
		Release|Any CPU = Release|Any CPU
	EndGlobalSection
	GlobalSection(ProjectConfigurationPlatforms) = postSolution
		{3F4B4D57-EB52-4FDD-AF94-D600750D151E}.Debug|Any CPU.ActiveCfg = Debug|Any CPU
		{3F4B4D57-EB52-4FDD-AF94-D600750D151E}.Debug|Any CPU.Build.0 = Debug|Any CPU
		{3F4B4D57-EB52-4FDD-AF94-D600750D151E}.Release|Any CPU.ActiveCfg = Release|Any CPU
		{3F4B4D57-EB52-4FDD-AF94-D600750D151E}.Release|Any CPU.Build.0 = Release|Any CPU
	EndGlobalSection
	GlobalSection(SolutionProperties) = preSolution
		HideSolutionNode = FALSE
	EndGlobalSection
	GlobalSection(ExtensibilityGlobals) = postSolution
		SolutionGuid = {B48FA7BD-53E0-49BD-8F90-7769F9DBDC67}
	EndGlobalSection
EndGlobal
