
Microsoft Visual Studio Solution File, Format Version 12.00
# Visual Studio 15
VisualStudioVersion = 15.0.27130.2027
MinimumVisualStudioVersion = 10.0.40219.1
Project("{FAE04EC0-301F-11D3-BF4B-00C04F79EFBC}") = "Opdracht_h2_2", "Opdracht_h2_2.csproj", "{ED95DC25-9B0B-4CCF-B3E7-20F45A93CC3E}"
EndProject
Global
	GlobalSection(SolutionConfigurationPlatforms) = preSolution
		Debug|Any CPU = Debug|Any CPU
		Release|Any CPU = Release|Any CPU
	EndGlobalSection
	GlobalSection(ProjectConfigurationPlatforms) = postSolution
		{ED95DC25-9B0B-4CCF-B3E7-20F45A93CC3E}.Debug|Any CPU.ActiveCfg = Debug|Any CPU
		{ED95DC25-9B0B-4CCF-B3E7-20F45A93CC3E}.Debug|Any CPU.Build.0 = Debug|Any CPU
		{ED95DC25-9B0B-4CCF-B3E7-20F45A93CC3E}.Release|Any CPU.ActiveCfg = Release|Any CPU
		{ED95DC25-9B0B-4CCF-B3E7-20F45A93CC3E}.Release|Any CPU.Build.0 = Release|Any CPU
	EndGlobalSection
	GlobalSection(SolutionProperties) = preSolution
		HideSolutionNode = FALSE
	EndGlobalSection
	GlobalSection(ExtensibilityGlobals) = postSolution
		SolutionGuid = {C3BA2D46-B05F-49E5-B549-6AE69F91C342}
	EndGlobalSection
EndGlobal
