
Microsoft Visual Studio Solution File, Format Version 12.00
# Visual Studio 15
VisualStudioVersion = 15.0.27130.2036
MinimumVisualStudioVersion = 10.0.40219.1
Project("{FAE04EC0-301F-11D3-BF4B-00C04F79EFBC}") = "Oefening19", "Oefening19.csproj", "{04BD9A37-5C9E-4FA3-9064-9A3E8AE96314}"
EndProject
Global
	GlobalSection(SolutionConfigurationPlatforms) = preSolution
		Debug|Any CPU = Debug|Any CPU
		Release|Any CPU = Release|Any CPU
	EndGlobalSection
	GlobalSection(ProjectConfigurationPlatforms) = postSolution
		{04BD9A37-5C9E-4FA3-9064-9A3E8AE96314}.Debug|Any CPU.ActiveCfg = Debug|Any CPU
		{04BD9A37-5C9E-4FA3-9064-9A3E8AE96314}.Debug|Any CPU.Build.0 = Debug|Any CPU
		{04BD9A37-5C9E-4FA3-9064-9A3E8AE96314}.Release|Any CPU.ActiveCfg = Release|Any CPU
		{04BD9A37-5C9E-4FA3-9064-9A3E8AE96314}.Release|Any CPU.Build.0 = Release|Any CPU
	EndGlobalSection
	GlobalSection(SolutionProperties) = preSolution
		HideSolutionNode = FALSE
	EndGlobalSection
	GlobalSection(ExtensibilityGlobals) = postSolution
		SolutionGuid = {C815DCA9-6C0A-4FAB-B4CD-946D98A41E10}
	EndGlobalSection
EndGlobal
