
Microsoft Visual Studio Solution File, Format Version 12.00
# Visual Studio 15
VisualStudioVersion = 15.0.27130.2027
MinimumVisualStudioVersion = 10.0.40219.1
Project("{FAE04EC0-301F-11D3-BF4B-00C04F79EFBC}") = "Toolbox", "Toolbox\Toolbox.csproj", "{ED99D64D-1142-463F-9556-1BDCFCD2319C}"
EndProject
Global
	GlobalSection(SolutionConfigurationPlatforms) = preSolution
		Debug|Any CPU = Debug|Any CPU
		Release|Any CPU = Release|Any CPU
	EndGlobalSection
	GlobalSection(ProjectConfigurationPlatforms) = postSolution
		{ED99D64D-1142-463F-9556-1BDCFCD2319C}.Debug|Any CPU.ActiveCfg = Debug|Any CPU
		{ED99D64D-1142-463F-9556-1BDCFCD2319C}.Debug|Any CPU.Build.0 = Debug|Any CPU
		{ED99D64D-1142-463F-9556-1BDCFCD2319C}.Release|Any CPU.ActiveCfg = Release|Any CPU
		{ED99D64D-1142-463F-9556-1BDCFCD2319C}.Release|Any CPU.Build.0 = Release|Any CPU
	EndGlobalSection
	GlobalSection(SolutionProperties) = preSolution
		HideSolutionNode = FALSE
	EndGlobalSection
	GlobalSection(ExtensibilityGlobals) = postSolution
		SolutionGuid = {A157D23C-C275-4BB8-9919-078FDFFEC4DB}
	EndGlobalSection
EndGlobal
