
Microsoft Visual Studio Solution File, Format Version 12.00
# Visual Studio 15
VisualStudioVersion = 15.0.28307.329
MinimumVisualStudioVersion = 10.0.40219.1
Project("{FAE04EC0-301F-11D3-BF4B-00C04F79EFBC}") = "4_3", "4_3\4_3.csproj", "{11464B78-979C-42F4-B222-B57AE0D1EB27}"
EndProject
Global
	GlobalSection(SolutionConfigurationPlatforms) = preSolution
		Debug|Any CPU = Debug|Any CPU
		Release|Any CPU = Release|Any CPU
	EndGlobalSection
	GlobalSection(ProjectConfigurationPlatforms) = postSolution
		{11464B78-979C-42F4-B222-B57AE0D1EB27}.Debug|Any CPU.ActiveCfg = Debug|Any CPU
		{11464B78-979C-42F4-B222-B57AE0D1EB27}.Debug|Any CPU.Build.0 = Debug|Any CPU
		{11464B78-979C-42F4-B222-B57AE0D1EB27}.Release|Any CPU.ActiveCfg = Release|Any CPU
		{11464B78-979C-42F4-B222-B57AE0D1EB27}.Release|Any CPU.Build.0 = Release|Any CPU
	EndGlobalSection
	GlobalSection(SolutionProperties) = preSolution
		HideSolutionNode = FALSE
	EndGlobalSection
	GlobalSection(ExtensibilityGlobals) = postSolution
		SolutionGuid = {CB55FB5E-B7BB-4421-A8A7-014E8615688D}
	EndGlobalSection
EndGlobal
