
Microsoft Visual Studio Solution File, Format Version 12.00
# Visual Studio 15
VisualStudioVersion = 15.0.27130.2027
MinimumVisualStudioVersion = 10.0.40219.1
Project("{FAE04EC0-301F-11D3-BF4B-00C04F79EFBC}") = "Opdracht_4_8", "Opdracht_4_8.csproj", "{D455BA90-AB5B-4610-B1B1-1329C325A620}"
EndProject
Global
	GlobalSection(SolutionConfigurationPlatforms) = preSolution
		Debug|Any CPU = Debug|Any CPU
		Release|Any CPU = Release|Any CPU
	EndGlobalSection
	GlobalSection(ProjectConfigurationPlatforms) = postSolution
		{D455BA90-AB5B-4610-B1B1-1329C325A620}.Debug|Any CPU.ActiveCfg = Debug|Any CPU
		{D455BA90-AB5B-4610-B1B1-1329C325A620}.Debug|Any CPU.Build.0 = Debug|Any CPU
		{D455BA90-AB5B-4610-B1B1-1329C325A620}.Release|Any CPU.ActiveCfg = Release|Any CPU
		{D455BA90-AB5B-4610-B1B1-1329C325A620}.Release|Any CPU.Build.0 = Release|Any CPU
	EndGlobalSection
	GlobalSection(SolutionProperties) = preSolution
		HideSolutionNode = FALSE
	EndGlobalSection
	GlobalSection(ExtensibilityGlobals) = postSolution
		SolutionGuid = {22C7044B-648C-470C-8062-FD0A229FFCD0}
	EndGlobalSection
EndGlobal
