
Microsoft Visual Studio Solution File, Format Version 12.00
# Visual Studio 15
VisualStudioVersion = 15.0.27130.2027
MinimumVisualStudioVersion = 10.0.40219.1
Project("{FAE04EC0-301F-11D3-BF4B-00C04F79EFBC}") = "Opdracht_4_7", "Opdracht_4_7.csproj", "{72003DC4-6EB4-423A-B99D-4EE91D5D2139}"
EndProject
Global
	GlobalSection(SolutionConfigurationPlatforms) = preSolution
		Debug|Any CPU = Debug|Any CPU
		Release|Any CPU = Release|Any CPU
	EndGlobalSection
	GlobalSection(ProjectConfigurationPlatforms) = postSolution
		{72003DC4-6EB4-423A-B99D-4EE91D5D2139}.Debug|Any CPU.ActiveCfg = Debug|Any CPU
		{72003DC4-6EB4-423A-B99D-4EE91D5D2139}.Debug|Any CPU.Build.0 = Debug|Any CPU
		{72003DC4-6EB4-423A-B99D-4EE91D5D2139}.Release|Any CPU.ActiveCfg = Release|Any CPU
		{72003DC4-6EB4-423A-B99D-4EE91D5D2139}.Release|Any CPU.Build.0 = Release|Any CPU
	EndGlobalSection
	GlobalSection(SolutionProperties) = preSolution
		HideSolutionNode = FALSE
	EndGlobalSection
	GlobalSection(ExtensibilityGlobals) = postSolution
		SolutionGuid = {8169E0CA-0861-4CCC-8464-39B38EEE067E}
	EndGlobalSection
EndGlobal
